// !$*UTF8*$!
{
	archiveVersion = 1;
	classes = {
	};
	objectVersion = 56;
	objects = {

/* Begin PBXBuildFile section */
		412D96A62B7EDB070096B039 /* SFTApp.swift in Sources */ = {isa = PBXBuildFile; fileRef = 412D96A52B7EDB070096B039 /* SFTApp.swift */; };
		412D96A82B7EDB070096B039 /* Persistence.swift in Sources */ = {isa = PBXBuildFile; fileRef = 412D96A72B7EDB070096B039 /* Persistence.swift */; };
		412D96AB2B7EDB070096B039 /* SFT.xcdatamodeld in Sources */ = {isa = PBXBuildFile; fileRef = 412D96A92B7EDB070096B039 /* SFT.xcdatamodeld */; };
		412D96AD2B7EDB070096B039 /* ContentView.swift in Sources */ = {isa = PBXBuildFile; fileRef = 412D96AC2B7EDB070096B039 /* ContentView.swift */; };
		412D96AF2B7EDB0A0096B039 /* Assets.xcassets in Resources */ = {isa = PBXBuildFile; fileRef = 412D96AE2B7EDB0A0096B039 /* Assets.xcassets */; };
		412D96B32B7EDB0A0096B039 /* Preview Assets.xcassets in Resources */ = {isa = PBXBuildFile; fileRef = 412D96B22B7EDB0A0096B039 /* Preview Assets.xcassets */; };
		413B4DDC2B95C8330082FE84 /* Table_Test_Tab_View.swift in Sources */ = {isa = PBXBuildFile; fileRef = 413B4DDB2B95C8330082FE84 /* Table_Test_Tab_View.swift */; };
		413B4DE02B9A54E20082FE84 /* Table_View_Exercise_Entry_List.swift in Sources */ = {isa = PBXBuildFile; fileRef = 413B4DDF2B9A54E20082FE84 /* Table_View_Exercise_Entry_List.swift */; };
		41A9B0C32B7EE3C200479902 /* HomeScreen.swift in Sources */ = {isa = PBXBuildFile; fileRef = 41A9B0C22B7EE3C200479902 /* HomeScreen.swift */; };
		41A9B0D12B81F1EB00479902 /* tab_view.swift in Sources */ = {isa = PBXBuildFile; fileRef = 41A9B0D02B81F1EB00479902 /* tab_view.swift */; };
		41A9B0D32B82B22600479902 /* Demo_Views.swift in Sources */ = {isa = PBXBuildFile; fileRef = 41A9B0D22B82B22600479902 /* Demo_Views.swift */; };
		41A9B0D72B87B14000479902 /* Exercise_List_View.swift in Sources */ = {isa = PBXBuildFile; fileRef = 41A9B0D62B87B14000479902 /* Exercise_List_View.swift */; };
		41A9B1042B8C336800479902 /* Table_Tests.swift in Sources */ = {isa = PBXBuildFile; fileRef = 41A9B1012B8C336800479902 /* Table_Tests.swift */; };
		41A9B1052B8C336800479902 /* Table_Test_Exercise.swift in Sources */ = {isa = PBXBuildFile; fileRef = 41A9B1022B8C336800479902 /* Table_Test_Exercise.swift */; };
		41A9B1062B8C336800479902 /* Table_Test_Exercise_View.swift in Sources */ = {isa = PBXBuildFile; fileRef = 41A9B1032B8C336800479902 /* Table_Test_Exercise_View.swift */; };
		41A9B1432B92B06E00479902 /* Workouts+CoreDataClass.swift in Sources */ = {isa = PBXBuildFile; fileRef = 41A9B13B2B92B06E00479902 /* Workouts+CoreDataClass.swift */; };
		41A9B1442B92B06E00479902 /* Workouts+CoreDataProperties.swift in Sources */ = {isa = PBXBuildFile; fileRef = 41A9B13C2B92B06E00479902 /* Workouts+CoreDataProperties.swift */; };
		41A9B1452B92B06E00479902 /* Exercise_Static+CoreDataClass.swift in Sources */ = {isa = PBXBuildFile; fileRef = 41A9B13D2B92B06E00479902 /* Exercise_Static+CoreDataClass.swift */; };
		41A9B1462B92B06E00479902 /* Exercise_Static+CoreDataProperties.swift in Sources */ = {isa = PBXBuildFile; fileRef = 41A9B13E2B92B06E00479902 /* Exercise_Static+CoreDataProperties.swift */; };
		41A9B1472B92B06E00479902 /* Exercises+CoreDataClass.swift in Sources */ = {isa = PBXBuildFile; fileRef = 41A9B13F2B92B06E00479902 /* Exercises+CoreDataClass.swift */; };
		41A9B1482B92B06E00479902 /* Exercises+CoreDataProperties.swift in Sources */ = {isa = PBXBuildFile; fileRef = 41A9B1402B92B06E00479902 /* Exercises+CoreDataProperties.swift */; };
		41A9B1492B92B06E00479902 /* Exercise_Time+CoreDataClass.swift in Sources */ = {isa = PBXBuildFile; fileRef = 41A9B1412B92B06E00479902 /* Exercise_Time+CoreDataClass.swift */; };
		41A9B14A2B92B06E00479902 /* Exercise_Time+CoreDataProperties.swift in Sources */ = {isa = PBXBuildFile; fileRef = 41A9B1422B92B06E00479902 /* Exercise_Time+CoreDataProperties.swift */; };
		7AE10C462B871BFC004B6F07 /* WorkOutList.swift in Sources */ = {isa = PBXBuildFile; fileRef = 7AE10C452B871BFC004B6F07 /* WorkOutList.swift */; };
		7AE10C482B871C09004B6F07 /* WorkOutListView.swift in Sources */ = {isa = PBXBuildFile; fileRef = 7AE10C472B871C09004B6F07 /* WorkOutListView.swift */; };
		D41152152B9A6D0B00268265 /* Test.swift in Sources */ = {isa = PBXBuildFile; fileRef = D41152142B9A6D0B00268265 /* Test.swift */; };
/* End PBXBuildFile section */

/* Begin PBXFileReference section */
		412D96A22B7EDB070096B039 /* SFT.app */ = {isa = PBXFileReference; explicitFileType = wrapper.application; includeInIndex = 0; path = SFT.app; sourceTree = BUILT_PRODUCTS_DIR; };
		412D96A52B7EDB070096B039 /* SFTApp.swift */ = {isa = PBXFileReference; lastKnownFileType = sourcecode.swift; path = SFTApp.swift; sourceTree = "<group>"; };
		412D96A72B7EDB070096B039 /* Persistence.swift */ = {isa = PBXFileReference; lastKnownFileType = sourcecode.swift; path = Persistence.swift; sourceTree = "<group>"; };
		412D96AA2B7EDB070096B039 /* SFT.xcdatamodel */ = {isa = PBXFileReference; lastKnownFileType = wrapper.xcdatamodel; path = SFT.xcdatamodel; sourceTree = "<group>"; };
		412D96AC2B7EDB070096B039 /* ContentView.swift */ = {isa = PBXFileReference; lastKnownFileType = sourcecode.swift; path = ContentView.swift; sourceTree = "<group>"; };
		412D96AE2B7EDB0A0096B039 /* Assets.xcassets */ = {isa = PBXFileReference; lastKnownFileType = folder.assetcatalog; path = Assets.xcassets; sourceTree = "<group>"; };
		412D96B02B7EDB0A0096B039 /* SFT.entitlements */ = {isa = PBXFileReference; lastKnownFileType = text.plist.entitlements; path = SFT.entitlements; sourceTree = "<group>"; };
		412D96B22B7EDB0A0096B039 /* Preview Assets.xcassets */ = {isa = PBXFileReference; lastKnownFileType = folder.assetcatalog; path = "Preview Assets.xcassets"; sourceTree = "<group>"; };
		413B4DDB2B95C8330082FE84 /* Table_Test_Tab_View.swift */ = {isa = PBXFileReference; lastKnownFileType = sourcecode.swift; path = Table_Test_Tab_View.swift; sourceTree = "<group>"; };
		413B4DDF2B9A54E20082FE84 /* Table_View_Exercise_Entry_List.swift */ = {isa = PBXFileReference; lastKnownFileType = sourcecode.swift; path = Table_View_Exercise_Entry_List.swift; sourceTree = "<group>"; };
		41A9B0C22B7EE3C200479902 /* HomeScreen.swift */ = {isa = PBXFileReference; fileEncoding = 4; lastKnownFileType = sourcecode.swift; path = HomeScreen.swift; sourceTree = "<group>"; };
		41A9B0D02B81F1EB00479902 /* tab_view.swift */ = {isa = PBXFileReference; lastKnownFileType = sourcecode.swift; path = tab_view.swift; sourceTree = "<group>"; };
		41A9B0D22B82B22600479902 /* Demo_Views.swift */ = {isa = PBXFileReference; lastKnownFileType = sourcecode.swift; path = Demo_Views.swift; sourceTree = "<group>"; };
		41A9B0D62B87B14000479902 /* Exercise_List_View.swift */ = {isa = PBXFileReference; lastKnownFileType = sourcecode.swift; path = Exercise_List_View.swift; sourceTree = "<group>"; };
		41A9B1012B8C336800479902 /* Table_Tests.swift */ = {isa = PBXFileReference; fileEncoding = 4; lastKnownFileType = sourcecode.swift; path = Table_Tests.swift; sourceTree = "<group>"; };
		41A9B1022B8C336800479902 /* Table_Test_Exercise.swift */ = {isa = PBXFileReference; fileEncoding = 4; lastKnownFileType = sourcecode.swift; path = Table_Test_Exercise.swift; sourceTree = "<group>"; };
		41A9B1032B8C336800479902 /* Table_Test_Exercise_View.swift */ = {isa = PBXFileReference; fileEncoding = 4; lastKnownFileType = sourcecode.swift; path = Table_Test_Exercise_View.swift; sourceTree = "<group>"; };
		41A9B13B2B92B06E00479902 /* Workouts+CoreDataClass.swift */ = {isa = PBXFileReference; lastKnownFileType = sourcecode.swift; path = "Workouts+CoreDataClass.swift"; sourceTree = "<group>"; };
		41A9B13C2B92B06E00479902 /* Workouts+CoreDataProperties.swift */ = {isa = PBXFileReference; lastKnownFileType = sourcecode.swift; path = "Workouts+CoreDataProperties.swift"; sourceTree = "<group>"; };
		41A9B13D2B92B06E00479902 /* Exercise_Static+CoreDataClass.swift */ = {isa = PBXFileReference; lastKnownFileType = sourcecode.swift; path = "Exercise_Static+CoreDataClass.swift"; sourceTree = "<group>"; };
		41A9B13E2B92B06E00479902 /* Exercise_Static+CoreDataProperties.swift */ = {isa = PBXFileReference; lastKnownFileType = sourcecode.swift; path = "Exercise_Static+CoreDataProperties.swift"; sourceTree = "<group>"; };
		41A9B13F2B92B06E00479902 /* Exercises+CoreDataClass.swift */ = {isa = PBXFileReference; lastKnownFileType = sourcecode.swift; path = "Exercises+CoreDataClass.swift"; sourceTree = "<group>"; };
		41A9B1402B92B06E00479902 /* Exercises+CoreDataProperties.swift */ = {isa = PBXFileReference; lastKnownFileType = sourcecode.swift; path = "Exercises+CoreDataProperties.swift"; sourceTree = "<group>"; };
		41A9B1412B92B06E00479902 /* Exercise_Time+CoreDataClass.swift */ = {isa = PBXFileReference; lastKnownFileType = sourcecode.swift; path = "Exercise_Time+CoreDataClass.swift"; sourceTree = "<group>"; };
		41A9B1422B92B06E00479902 /* Exercise_Time+CoreDataProperties.swift */ = {isa = PBXFileReference; lastKnownFileType = sourcecode.swift; path = "Exercise_Time+CoreDataProperties.swift"; sourceTree = "<group>"; };
		7AE10C452B871BFC004B6F07 /* WorkOutList.swift */ = {isa = PBXFileReference; lastKnownFileType = sourcecode.swift; path = WorkOutList.swift; sourceTree = "<group>"; };
		7AE10C472B871C09004B6F07 /* WorkOutListView.swift */ = {isa = PBXFileReference; lastKnownFileType = sourcecode.swift; path = WorkOutListView.swift; sourceTree = "<group>"; };
		D41152142B9A6D0B00268265 /* Test.swift */ = {isa = PBXFileReference; lastKnownFileType = sourcecode.swift; path = Test.swift; sourceTree = "<group>"; };
/* End PBXFileReference section */

/* Begin PBXFrameworksBuildPhase section */
		412D969F2B7EDB070096B039 /* Frameworks */ = {
			isa = PBXFrameworksBuildPhase;
			buildActionMask = 2147483647;
			files = (
			);
			runOnlyForDeploymentPostprocessing = 0;
		};
/* End PBXFrameworksBuildPhase section */

/* Begin PBXGroup section */
		412D96992B7EDB070096B039 = {
			isa = PBXGroup;
			children = (
				412D96A42B7EDB070096B039 /* SFT */,
				412D96A32B7EDB070096B039 /* Products */,
			);
			sourceTree = "<group>";
		};
		412D96A32B7EDB070096B039 /* Products */ = {
			isa = PBXGroup;
			children = (
				412D96A22B7EDB070096B039 /* SFT.app */,
			);
			name = Products;
			sourceTree = "<group>";
		};
		412D96A42B7EDB070096B039 /* SFT */ = {
			isa = PBXGroup;
			children = (
				41A9B0D82B8B25A200479902 /* Tables */,
				D4DBAA962B7EE0D90098CA8F /* Screens */,
				412D96A52B7EDB070096B039 /* SFTApp.swift */,
				412D96A72B7EDB070096B039 /* Persistence.swift */,
				412D96AC2B7EDB070096B039 /* ContentView.swift */,
				412D96AE2B7EDB0A0096B039 /* Assets.xcassets */,
				412D96B02B7EDB0A0096B039 /* SFT.entitlements */,
				412D96A92B7EDB070096B039 /* SFT.xcdatamodeld */,
				412D96B12B7EDB0A0096B039 /* Preview Content */,
			);
			path = SFT;
			sourceTree = "<group>";
		};
		412D96B12B7EDB0A0096B039 /* Preview Content */ = {
			isa = PBXGroup;
			children = (
				412D96B22B7EDB0A0096B039 /* Preview Assets.xcassets */,
			);
			path = "Preview Content";
			sourceTree = "<group>";
		};
		41A9B0D82B8B25A200479902 /* Tables */ = {
			isa = PBXGroup;
			children = (
				41A9B13B2B92B06E00479902 /* Workouts+CoreDataClass.swift */,
				41A9B13C2B92B06E00479902 /* Workouts+CoreDataProperties.swift */,
				41A9B13D2B92B06E00479902 /* Exercise_Static+CoreDataClass.swift */,
				41A9B13E2B92B06E00479902 /* Exercise_Static+CoreDataProperties.swift */,
				41A9B13F2B92B06E00479902 /* Exercises+CoreDataClass.swift */,
				41A9B1402B92B06E00479902 /* Exercises+CoreDataProperties.swift */,
				41A9B1412B92B06E00479902 /* Exercise_Time+CoreDataClass.swift */,
				41A9B1422B92B06E00479902 /* Exercise_Time+CoreDataProperties.swift */,
				413B4DDF2B9A54E20082FE84 /* Table_View_Exercise_Entry_List.swift */,
				413B4DDB2B95C8330082FE84 /* Table_Test_Tab_View.swift */,
				41A9B1032B8C336800479902 /* Table_Test_Exercise_View.swift */,
				41A9B1022B8C336800479902 /* Table_Test_Exercise.swift */,
				41A9B1012B8C336800479902 /* Table_Tests.swift */,
			);
			path = Tables;
			sourceTree = "<group>";
		};
		D4DBAA962B7EE0D90098CA8F /* Screens */ = {
			isa = PBXGroup;
			children = (
				41A9B0C22B7EE3C200479902 /* HomeScreen.swift */,
				41A9B0D02B81F1EB00479902 /* tab_view.swift */,
				41A9B0D22B82B22600479902 /* Demo_Views.swift */,
				7AE10C452B871BFC004B6F07 /* WorkOutList.swift */,
				7AE10C472B871C09004B6F07 /* WorkOutListView.swift */,
				41A9B0D62B87B14000479902 /* Exercise_List_View.swift */,
				D41152142B9A6D0B00268265 /* Test.swift */,
			);
			path = Screens;
			sourceTree = "<group>";
		};
/* End PBXGroup section */

/* Begin PBXNativeTarget section */
		412D96A12B7EDB070096B039 /* SFT */ = {
			isa = PBXNativeTarget;
			buildConfigurationList = 412D96B62B7EDB0A0096B039 /* Build configuration list for PBXNativeTarget "SFT" */;
			buildPhases = (
				412D969E2B7EDB070096B039 /* Sources */,
				412D969F2B7EDB070096B039 /* Frameworks */,
				412D96A02B7EDB070096B039 /* Resources */,
			);
			buildRules = (
			);
			dependencies = (
			);
			name = SFT;
			productName = SFT;
			productReference = 412D96A22B7EDB070096B039 /* SFT.app */;
			productType = "com.apple.product-type.application";
		};
/* End PBXNativeTarget section */

/* Begin PBXProject section */
		412D969A2B7EDB070096B039 /* Project object */ = {
			isa = PBXProject;
			attributes = {
				BuildIndependentTargetsInParallel = 1;
				LastSwiftUpdateCheck = 1520;
				LastUpgradeCheck = 1520;
				TargetAttributes = {
					412D96A12B7EDB070096B039 = {
						CreatedOnToolsVersion = 15.2;
					};
				};
			};
			buildConfigurationList = 412D969D2B7EDB070096B039 /* Build configuration list for PBXProject "SFT" */;
			compatibilityVersion = "Xcode 14.0";
			developmentRegion = en;
			hasScannedForEncodings = 0;
			knownRegions = (
				en,
				Base,
			);
			mainGroup = 412D96992B7EDB070096B039;
			productRefGroup = 412D96A32B7EDB070096B039 /* Products */;
			projectDirPath = "";
			projectRoot = "";
			targets = (
				412D96A12B7EDB070096B039 /* SFT */,
			);
		};
/* End PBXProject section */

/* Begin PBXResourcesBuildPhase section */
		412D96A02B7EDB070096B039 /* Resources */ = {
			isa = PBXResourcesBuildPhase;
			buildActionMask = 2147483647;
			files = (
				412D96B32B7EDB0A0096B039 /* Preview Assets.xcassets in Resources */,
				412D96AF2B7EDB0A0096B039 /* Assets.xcassets in Resources */,
			);
			runOnlyForDeploymentPostprocessing = 0;
		};
/* End PBXResourcesBuildPhase section */

/* Begin PBXSourcesBuildPhase section */
		412D969E2B7EDB070096B039 /* Sources */ = {
			isa = PBXSourcesBuildPhase;
			buildActionMask = 2147483647;
			files = (
				7AE10C482B871C09004B6F07 /* WorkOutListView.swift in Sources */,
				41A9B1432B92B06E00479902 /* Workouts+CoreDataClass.swift in Sources */,
				412D96A62B7EDB070096B039 /* SFTApp.swift in Sources */,
				41A9B1062B8C336800479902 /* Table_Test_Exercise_View.swift in Sources */,
				41A9B0C32B7EE3C200479902 /* HomeScreen.swift in Sources */,
				41A9B1482B92B06E00479902 /* Exercises+CoreDataProperties.swift in Sources */,
				412D96A82B7EDB070096B039 /* Persistence.swift in Sources */,
				7AE10C462B871BFC004B6F07 /* WorkOutList.swift in Sources */,
				41A9B1462B92B06E00479902 /* Exercise_Static+CoreDataProperties.swift in Sources */,
				D41152152B9A6D0B00268265 /* Test.swift in Sources */,
				412D96AD2B7EDB070096B039 /* ContentView.swift in Sources */,
				413B4DE02B9A54E20082FE84 /* Table_View_Exercise_Entry_List.swift in Sources */,
				41A9B14A2B92B06E00479902 /* Exercise_Time+CoreDataProperties.swift in Sources */,
				41A9B1472B92B06E00479902 /* Exercises+CoreDataClass.swift in Sources */,
				41A9B1042B8C336800479902 /* Table_Tests.swift in Sources */,
				41A9B1452B92B06E00479902 /* Exercise_Static+CoreDataClass.swift in Sources */,
				412D96AB2B7EDB070096B039 /* SFT.xcdatamodeld in Sources */,
				41A9B0D32B82B22600479902 /* Demo_Views.swift in Sources */,
				41A9B0D72B87B14000479902 /* Exercise_List_View.swift in Sources */,
				41A9B1442B92B06E00479902 /* Workouts+CoreDataProperties.swift in Sources */,
				41A9B1052B8C336800479902 /* Table_Test_Exercise.swift in Sources */,
				413B4DDC2B95C8330082FE84 /* Table_Test_Tab_View.swift in Sources */,
				41A9B1492B92B06E00479902 /* Exercise_Time+CoreDataClass.swift in Sources */,
				41A9B0D12B81F1EB00479902 /* tab_view.swift in Sources */,
			);
			runOnlyForDeploymentPostprocessing = 0;
		};
/* End PBXSourcesBuildPhase section */

/* Begin XCBuildConfiguration section */
		412D96B42B7EDB0A0096B039 /* Debug */ = {
			isa = XCBuildConfiguration;
			buildSettings = {
				ALWAYS_SEARCH_USER_PATHS = NO;
				ASSETCATALOG_COMPILER_GENERATE_SWIFT_ASSET_SYMBOL_EXTENSIONS = YES;
				CLANG_ANALYZER_NONNULL = YES;
				CLANG_ANALYZER_NUMBER_OBJECT_CONVERSION = YES_AGGRESSIVE;
				CLANG_CXX_LANGUAGE_STANDARD = "gnu++20";
				CLANG_ENABLE_MODULES = YES;
				CLANG_ENABLE_OBJC_ARC = YES;
				CLANG_ENABLE_OBJC_WEAK = YES;
				CLANG_WARN_BLOCK_CAPTURE_AUTORELEASING = YES;
				CLANG_WARN_BOOL_CONVERSION = YES;
				CLANG_WARN_COMMA = YES;
				CLANG_WARN_CONSTANT_CONVERSION = YES;
				CLANG_WARN_DEPRECATED_OBJC_IMPLEMENTATIONS = YES;
				CLANG_WARN_DIRECT_OBJC_ISA_USAGE = YES_ERROR;
				CLANG_WARN_DOCUMENTATION_COMMENTS = YES;
				CLANG_WARN_EMPTY_BODY = YES;
				CLANG_WARN_ENUM_CONVERSION = YES;
				CLANG_WARN_INFINITE_RECURSION = YES;
				CLANG_WARN_INT_CONVERSION = YES;
				CLANG_WARN_NON_LITERAL_NULL_CONVERSION = YES;
				CLANG_WARN_OBJC_IMPLICIT_RETAIN_SELF = YES;
				CLANG_WARN_OBJC_LITERAL_CONVERSION = YES;
				CLANG_WARN_OBJC_ROOT_CLASS = YES_ERROR;
				CLANG_WARN_QUOTED_INCLUDE_IN_FRAMEWORK_HEADER = YES;
				CLANG_WARN_RANGE_LOOP_ANALYSIS = YES;
				CLANG_WARN_STRICT_PROTOTYPES = YES;
				CLANG_WARN_SUSPICIOUS_MOVE = YES;
				CLANG_WARN_UNGUARDED_AVAILABILITY = YES_AGGRESSIVE;
				CLANG_WARN_UNREACHABLE_CODE = YES;
				CLANG_WARN__DUPLICATE_METHOD_MATCH = YES;
				COPY_PHASE_STRIP = NO;
				DEBUG_INFORMATION_FORMAT = dwarf;
				ENABLE_STRICT_OBJC_MSGSEND = YES;
				ENABLE_TESTABILITY = YES;
				ENABLE_USER_SCRIPT_SANDBOXING = YES;
				GCC_C_LANGUAGE_STANDARD = gnu17;
				GCC_DYNAMIC_NO_PIC = NO;
				GCC_NO_COMMON_BLOCKS = YES;
				GCC_OPTIMIZATION_LEVEL = 0;
				GCC_PREPROCESSOR_DEFINITIONS = (
					"DEBUG=1",
					"$(inherited)",
				);
				GCC_WARN_64_TO_32_BIT_CONVERSION = YES;
				GCC_WARN_ABOUT_RETURN_TYPE = YES_ERROR;
				GCC_WARN_UNDECLARED_SELECTOR = YES;
				GCC_WARN_UNINITIALIZED_AUTOS = YES_AGGRESSIVE;
				GCC_WARN_UNUSED_FUNCTION = YES;
				GCC_WARN_UNUSED_VARIABLE = YES;
				LOCALIZATION_PREFERS_STRING_CATALOGS = YES;
				MTL_ENABLE_DEBUG_INFO = INCLUDE_SOURCE;
				MTL_FAST_MATH = YES;
				ONLY_ACTIVE_ARCH = YES;
				SWIFT_ACTIVE_COMPILATION_CONDITIONS = "DEBUG $(inherited)";
				SWIFT_OPTIMIZATION_LEVEL = "-Onone";
			};
			name = Debug;
		};
		412D96B52B7EDB0A0096B039 /* Release */ = {
			isa = XCBuildConfiguration;
			buildSettings = {
				ALWAYS_SEARCH_USER_PATHS = NO;
				ASSETCATALOG_COMPILER_GENERATE_SWIFT_ASSET_SYMBOL_EXTENSIONS = YES;
				CLANG_ANALYZER_NONNULL = YES;
				CLANG_ANALYZER_NUMBER_OBJECT_CONVERSION = YES_AGGRESSIVE;
				CLANG_CXX_LANGUAGE_STANDARD = "gnu++20";
				CLANG_ENABLE_MODULES = YES;
				CLANG_ENABLE_OBJC_ARC = YES;
				CLANG_ENABLE_OBJC_WEAK = YES;
				CLANG_WARN_BLOCK_CAPTURE_AUTORELEASING = YES;
				CLANG_WARN_BOOL_CONVERSION = YES;
				CLANG_WARN_COMMA = YES;
				CLANG_WARN_CONSTANT_CONVERSION = YES;
				CLANG_WARN_DEPRECATED_OBJC_IMPLEMENTATIONS = YES;
				CLANG_WARN_DIRECT_OBJC_ISA_USAGE = YES_ERROR;
				CLANG_WARN_DOCUMENTATION_COMMENTS = YES;
				CLANG_WARN_EMPTY_BODY = YES;
				CLANG_WARN_ENUM_CONVERSION = YES;
				CLANG_WARN_INFINITE_RECURSION = YES;
				CLANG_WARN_INT_CONVERSION = YES;
				CLANG_WARN_NON_LITERAL_NULL_CONVERSION = YES;
				CLANG_WARN_OBJC_IMPLICIT_RETAIN_SELF = YES;
				CLANG_WARN_OBJC_LITERAL_CONVERSION = YES;
				CLANG_WARN_OBJC_ROOT_CLASS = YES_ERROR;
				CLANG_WARN_QUOTED_INCLUDE_IN_FRAMEWORK_HEADER = YES;
				CLANG_WARN_RANGE_LOOP_ANALYSIS = YES;
				CLANG_WARN_STRICT_PROTOTYPES = YES;
				CLANG_WARN_SUSPICIOUS_MOVE = YES;
				CLANG_WARN_UNGUARDED_AVAILABILITY = YES_AGGRESSIVE;
				CLANG_WARN_UNREACHABLE_CODE = YES;
				CLANG_WARN__DUPLICATE_METHOD_MATCH = YES;
				COPY_PHASE_STRIP = NO;
				DEBUG_INFORMATION_FORMAT = "dwarf-with-dsym";
				ENABLE_NS_ASSERTIONS = NO;
				ENABLE_STRICT_OBJC_MSGSEND = YES;
				ENABLE_USER_SCRIPT_SANDBOXING = YES;
				GCC_C_LANGUAGE_STANDARD = gnu17;
				GCC_NO_COMMON_BLOCKS = YES;
				GCC_WARN_64_TO_32_BIT_CONVERSION = YES;
				GCC_WARN_ABOUT_RETURN_TYPE = YES_ERROR;
				GCC_WARN_UNDECLARED_SELECTOR = YES;
				GCC_WARN_UNINITIALIZED_AUTOS = YES_AGGRESSIVE;
				GCC_WARN_UNUSED_FUNCTION = YES;
				GCC_WARN_UNUSED_VARIABLE = YES;
				LOCALIZATION_PREFERS_STRING_CATALOGS = YES;
				MTL_ENABLE_DEBUG_INFO = NO;
				MTL_FAST_MATH = YES;
				SWIFT_COMPILATION_MODE = wholemodule;
			};
			name = Release;
		};
		412D96B72B7EDB0A0096B039 /* Debug */ = {
			isa = XCBuildConfiguration;
			buildSettings = {
				ASSETCATALOG_COMPILER_APPICON_NAME = AppIcon;
				ASSETCATALOG_COMPILER_GLOBAL_ACCENT_COLOR_NAME = Demo_Color_Set;
				CODE_SIGN_ENTITLEMENTS = SFT/SFT.entitlements;
				CODE_SIGN_IDENTITY = "-";
				"CODE_SIGN_IDENTITY[sdk=iphoneos*]" = "Apple Development";
				"CODE_SIGN_IDENTITY[sdk=macosx*]" = "-";
				CODE_SIGN_STYLE = Automatic;
				CURRENT_PROJECT_VERSION = 1;
				DEVELOPMENT_ASSET_PATHS = "\"SFT/Preview Content\"";
				DEVELOPMENT_TEAM = FVY9KXDB7X;
				ENABLE_PREVIEWS = YES;
				GENERATE_INFOPLIST_FILE = YES;
				"INFOPLIST_KEY_UIApplicationSceneManifest_Generation[sdk=iphoneos*]" = YES;
				"INFOPLIST_KEY_UIApplicationSceneManifest_Generation[sdk=iphonesimulator*]" = YES;
				"INFOPLIST_KEY_UIApplicationSupportsIndirectInputEvents[sdk=iphoneos*]" = YES;
				"INFOPLIST_KEY_UIApplicationSupportsIndirectInputEvents[sdk=iphonesimulator*]" = YES;
				"INFOPLIST_KEY_UILaunchScreen_Generation[sdk=iphoneos*]" = YES;
				"INFOPLIST_KEY_UILaunchScreen_Generation[sdk=iphonesimulator*]" = YES;
				"INFOPLIST_KEY_UIStatusBarStyle[sdk=iphoneos*]" = UIStatusBarStyleDefault;
				"INFOPLIST_KEY_UIStatusBarStyle[sdk=iphonesimulator*]" = UIStatusBarStyleDefault;
				INFOPLIST_KEY_UISupportedInterfaceOrientations_iPad = "UIInterfaceOrientationPortrait UIInterfaceOrientationPortraitUpsideDown UIInterfaceOrientationLandscapeLeft UIInterfaceOrientationLandscapeRight";
				INFOPLIST_KEY_UISupportedInterfaceOrientations_iPhone = "UIInterfaceOrientationPortrait UIInterfaceOrientationLandscapeLeft UIInterfaceOrientationLandscapeRight";
				IPHONEOS_DEPLOYMENT_TARGET = 17.2;
				LD_RUNPATH_SEARCH_PATHS = "@executable_path/Frameworks";
				"LD_RUNPATH_SEARCH_PATHS[sdk=macosx*]" = "@executable_path/../Frameworks";
				MACOSX_DEPLOYMENT_TARGET = 14.2;
				MARKETING_VERSION = 1.0;
				PRODUCT_BUNDLE_IDENTIFIER = SFT.SFT;
				"PRODUCT_BUNDLE_IDENTIFIER[sdk=macosx*]" = Beta1;
				PRODUCT_NAME = "$(TARGET_NAME)";
				SDKROOT = auto;
				SUPPORTED_PLATFORMS = "iphoneos iphonesimulator";
				SUPPORTS_MACCATALYST = NO;
				SWIFT_EMIT_LOC_STRINGS = YES;
				SWIFT_VERSION = 5.0;
				TARGETED_DEVICE_FAMILY = "1,2";
			};
			name = Debug;
		};
		412D96B82B7EDB0A0096B039 /* Release */ = {
			isa = XCBuildConfiguration;
			buildSettings = {
				ASSETCATALOG_COMPILER_APPICON_NAME = AppIcon;
				ASSETCATALOG_COMPILER_GLOBAL_ACCENT_COLOR_NAME = Demo_Color_Set;
				CODE_SIGN_ENTITLEMENTS = SFT/SFT.entitlements;
				CODE_SIGN_IDENTITY = "-";
				"CODE_SIGN_IDENTITY[sdk=iphoneos*]" = "Apple Development";
				"CODE_SIGN_IDENTITY[sdk=macosx*]" = "-";
				CODE_SIGN_STYLE = Automatic;
				CURRENT_PROJECT_VERSION = 1;
				DEVELOPMENT_ASSET_PATHS = "\"SFT/Preview Content\"";
				DEVELOPMENT_TEAM = FVY9KXDB7X;
				ENABLE_PREVIEWS = YES;
				GENERATE_INFOPLIST_FILE = YES;
				"INFOPLIST_KEY_UIApplicationSceneManifest_Generation[sdk=iphoneos*]" = YES;
				"INFOPLIST_KEY_UIApplicationSceneManifest_Generation[sdk=iphonesimulator*]" = YES;
				"INFOPLIST_KEY_UIApplicationSupportsIndirectInputEvents[sdk=iphoneos*]" = YES;
				"INFOPLIST_KEY_UIApplicationSupportsIndirectInputEvents[sdk=iphonesimulator*]" = YES;
				"INFOPLIST_KEY_UILaunchScreen_Generation[sdk=iphoneos*]" = YES;
				"INFOPLIST_KEY_UILaunchScreen_Generation[sdk=iphonesimulator*]" = YES;
				"INFOPLIST_KEY_UIStatusBarStyle[sdk=iphoneos*]" = UIStatusBarStyleDefault;
				"INFOPLIST_KEY_UIStatusBarStyle[sdk=iphonesimulator*]" = UIStatusBarStyleDefault;
				INFOPLIST_KEY_UISupportedInterfaceOrientations_iPad = "UIInterfaceOrientationPortrait UIInterfaceOrientationPortraitUpsideDown UIInterfaceOrientationLandscapeLeft UIInterfaceOrientationLandscapeRight";
				INFOPLIST_KEY_UISupportedInterfaceOrientations_iPhone = "UIInterfaceOrientationPortrait UIInterfaceOrientationLandscapeLeft UIInterfaceOrientationLandscapeRight";
				IPHONEOS_DEPLOYMENT_TARGET = 17.2;
				"IPHONEOS_DEPLOYMENT_TARGET[sdk=iphoneos*]" = 16;
				LD_RUNPATH_SEARCH_PATHS = "@executable_path/Frameworks";
				"LD_RUNPATH_SEARCH_PATHS[sdk=macosx*]" = "@executable_path/../Frameworks";
				MACOSX_DEPLOYMENT_TARGET = 14.2;
				MARKETING_VERSION = 1.0;
				PRODUCT_BUNDLE_IDENTIFIER = SFT.SFT;
				"PRODUCT_BUNDLE_IDENTIFIER[sdk=macosx*]" = Beta1;
				PRODUCT_NAME = "$(TARGET_NAME)";
				SDKROOT = auto;
				SUPPORTED_PLATFORMS = "iphoneos iphonesimulator";
				SUPPORTS_MACCATALYST = NO;
				SWIFT_EMIT_LOC_STRINGS = YES;
				SWIFT_VERSION = 5.0;
				TARGETED_DEVICE_FAMILY = "1,2";
			};
			name = Release;
		};
/* End XCBuildConfiguration section */

/* Begin XCConfigurationList section */
		412D969D2B7EDB070096B039 /* Build configuration list for PBXProject "SFT" */ = {
			isa = XCConfigurationList;
			buildConfigurations = (
				412D96B42B7EDB0A0096B039 /* Debug */,
				412D96B52B7EDB0A0096B039 /* Release */,
			);
			defaultConfigurationIsVisible = 0;
			defaultConfigurationName = Release;
		};
		412D96B62B7EDB0A0096B039 /* Build configuration list for PBXNativeTarget "SFT" */ = {
			isa = XCConfigurationList;
			buildConfigurations = (
				412D96B72B7EDB0A0096B039 /* Debug */,
				412D96B82B7EDB0A0096B039 /* Release */,
			);
			defaultConfigurationIsVisible = 0;
			defaultConfigurationName = Release;
		};
/* End XCConfigurationList section */

/* Begin XCVersionGroup section */
		412D96A92B7EDB070096B039 /* SFT.xcdatamodeld */ = {
			isa = XCVersionGroup;
			children = (
				412D96AA2B7EDB070096B039 /* SFT.xcdatamodel */,
			);
			currentVersion = 412D96AA2B7EDB070096B039 /* SFT.xcdatamodel */;
			path = SFT.xcdatamodeld;
			sourceTree = "<group>";
			versionGroupType = wrapper.xcdatamodel;
		};
/* End XCVersionGroup section */
	};
	rootObject = 412D969A2B7EDB070096B039 /* Project object */;
}
